
Microsoft Visual Studio Solution File, Format Version 12.00
# Visual Studio 15
VisualStudioVersion = 15.0.28307.106
MinimumVisualStudioVersion = 10.0.40219.1
Project("{FAE04EC0-301F-11D3-BF4B-00C04F79EFBC}") = "TelephoneServiceProvider.PresentationLayer", "TelephoneServiceProvider.PresentationLayer\TelephoneServiceProvider.PresentationLayer.csproj", "{DCD15E39-E7A6-4084-A2E2-FABD30A8BD17}"
EndProject
Project("{FAE04EC0-301F-11D3-BF4B-00C04F79EFBC}") = "TelephoneServiceProvider.BillingSystem", "TelephoneServiceProvider.BillingSystem\TelephoneServiceProvider.BillingSystem.csproj", "{30FD13A9-55FC-4D25-A2B9-A10ECADC860A}"
EndProject
Project("{FAE04EC0-301F-11D3-BF4B-00C04F79EFBC}") = "TelephoneServiceProvider.Equipment", "TelephoneServiceProvider.Equipment\TelephoneServiceProvider.Equipment.csproj", "{C1767C8A-C025-4FA2-957B-9F8724E3C583}"
EndProject
Project("{FAE04EC0-301F-11D3-BF4B-00C04F79EFBC}") = "TelephoneServiceProvider.Core", "TelephoneServiceProvider.Core\TelephoneServiceProvider.Core.csproj", "{80D8667C-A2F7-44EB-9C92-FDD1BAB4B554}"
EndProject
Project("{FAE04EC0-301F-11D3-BF4B-00C04F79EFBC}") = "TelephoneServiceProvider.Core.Contracts", "TelephoneServiceProvider.Core.Contracts\TelephoneServiceProvider.Core.Contracts.csproj", "{D2BA9543-94D3-4DFB-8B7E-7F150BA6F9D9}"
EndProject
Project("{FAE04EC0-301F-11D3-BF4B-00C04F79EFBC}") = "TelephoneServiceProvider.BillingSystem.Contracts", "TelephoneServiceProvider.BillingSystem.Contracts\TelephoneServiceProvider.BillingSystem.Contracts.csproj", "{ACB0B733-6837-49D3-AE13-D59CBCC9009E}"
EndProject
Project("{FAE04EC0-301F-11D3-BF4B-00C04F79EFBC}") = "TelephoneServiceProvider.Equipment.Contracts", "TelephoneServiceProvider.Equipment.Contracts\TelephoneServiceProvider.Equipment.Contracts.csproj", "{4BFF2F4C-DA82-4DFC-A497-AA81C1DBDC8B}"
EndProject
Global
	GlobalSection(SolutionConfigurationPlatforms) = preSolution
		Debug|Any CPU = Debug|Any CPU
		Release|Any CPU = Release|Any CPU
	EndGlobalSection
	GlobalSection(ProjectConfigurationPlatforms) = postSolution
		{DCD15E39-E7A6-4084-A2E2-FABD30A8BD17}.Debug|Any CPU.ActiveCfg = Debug|Any CPU
		{DCD15E39-E7A6-4084-A2E2-FABD30A8BD17}.Debug|Any CPU.Build.0 = Debug|Any CPU
		{DCD15E39-E7A6-4084-A2E2-FABD30A8BD17}.Release|Any CPU.ActiveCfg = Release|Any CPU
		{DCD15E39-E7A6-4084-A2E2-FABD30A8BD17}.Release|Any CPU.Build.0 = Release|Any CPU
		{30FD13A9-55FC-4D25-A2B9-A10ECADC860A}.Debug|Any CPU.ActiveCfg = Debug|Any CPU
		{30FD13A9-55FC-4D25-A2B9-A10ECADC860A}.Debug|Any CPU.Build.0 = Debug|Any CPU
		{30FD13A9-55FC-4D25-A2B9-A10ECADC860A}.Release|Any CPU.ActiveCfg = Release|Any CPU
		{30FD13A9-55FC-4D25-A2B9-A10ECADC860A}.Release|Any CPU.Build.0 = Release|Any CPU
		{C1767C8A-C025-4FA2-957B-9F8724E3C583}.Debug|Any CPU.ActiveCfg = Debug|Any CPU
		{C1767C8A-C025-4FA2-957B-9F8724E3C583}.Debug|Any CPU.Build.0 = Debug|Any CPU
		{C1767C8A-C025-4FA2-957B-9F8724E3C583}.Release|Any CPU.ActiveCfg = Release|Any CPU
		{C1767C8A-C025-4FA2-957B-9F8724E3C583}.Release|Any CPU.Build.0 = Release|Any CPU
		{80D8667C-A2F7-44EB-9C92-FDD1BAB4B554}.Debug|Any CPU.ActiveCfg = Debug|Any CPU
		{80D8667C-A2F7-44EB-9C92-FDD1BAB4B554}.Debug|Any CPU.Build.0 = Debug|Any CPU
		{80D8667C-A2F7-44EB-9C92-FDD1BAB4B554}.Release|Any CPU.ActiveCfg = Release|Any CPU
		{80D8667C-A2F7-44EB-9C92-FDD1BAB4B554}.Release|Any CPU.Build.0 = Release|Any CPU
		{D2BA9543-94D3-4DFB-8B7E-7F150BA6F9D9}.Debug|Any CPU.ActiveCfg = Debug|Any CPU
		{D2BA9543-94D3-4DFB-8B7E-7F150BA6F9D9}.Debug|Any CPU.Build.0 = Debug|Any CPU
		{D2BA9543-94D3-4DFB-8B7E-7F150BA6F9D9}.Release|Any CPU.ActiveCfg = Release|Any CPU
		{D2BA9543-94D3-4DFB-8B7E-7F150BA6F9D9}.Release|Any CPU.Build.0 = Release|Any CPU
		{ACB0B733-6837-49D3-AE13-D59CBCC9009E}.Debug|Any CPU.ActiveCfg = Debug|Any CPU
		{ACB0B733-6837-49D3-AE13-D59CBCC9009E}.Debug|Any CPU.Build.0 = Debug|Any CPU
		{ACB0B733-6837-49D3-AE13-D59CBCC9009E}.Release|Any CPU.ActiveCfg = Release|Any CPU
		{ACB0B733-6837-49D3-AE13-D59CBCC9009E}.Release|Any CPU.Build.0 = Release|Any CPU
		{4BFF2F4C-DA82-4DFC-A497-AA81C1DBDC8B}.Debug|Any CPU.ActiveCfg = Debug|Any CPU
		{4BFF2F4C-DA82-4DFC-A497-AA81C1DBDC8B}.Debug|Any CPU.Build.0 = Debug|Any CPU
		{4BFF2F4C-DA82-4DFC-A497-AA81C1DBDC8B}.Release|Any CPU.ActiveCfg = Release|Any CPU
		{4BFF2F4C-DA82-4DFC-A497-AA81C1DBDC8B}.Release|Any CPU.Build.0 = Release|Any CPU
	EndGlobalSection
	GlobalSection(SolutionProperties) = preSolution
		HideSolutionNode = FALSE
	EndGlobalSection
	GlobalSection(ExtensibilityGlobals) = postSolution
		SolutionGuid = {48ECDACD-2BE5-4A24-9457-B6496CF10B2F}
	EndGlobalSection
EndGlobal
